
Microsoft Visual Studio Solution File, Format Version 12.00
# Visual Studio Version 17
VisualStudioVersion = 17.9.34728.123
MinimumVisualStudioVersion = 10.0.40219.1
Project("{FAE04EC0-301F-11D3-BF4B-00C04F79EFBC}") = "Lab7", "Lab7\Lab7.csproj", "{8EF78658-4E99-4AA9-AD3E-23C91E7D4EE3}"
EndProject
Global
	GlobalSection(SolutionConfigurationPlatforms) = preSolution
		Debug|Any CPU = Debug|Any CPU
		Release|Any CPU = Release|Any CPU
	EndGlobalSection
	GlobalSection(ProjectConfigurationPlatforms) = postSolution
		{8EF78658-4E99-4AA9-AD3E-23C91E7D4EE3}.Debug|Any CPU.ActiveCfg = Debug|Any CPU
		{8EF78658-4E99-4AA9-AD3E-23C91E7D4EE3}.Debug|Any CPU.Build.0 = Debug|Any CPU
		{8EF78658-4E99-4AA9-AD3E-23C91E7D4EE3}.Release|Any CPU.ActiveCfg = Release|Any CPU
		{8EF78658-4E99-4AA9-AD3E-23C91E7D4EE3}.Release|Any CPU.Build.0 = Release|Any CPU
	EndGlobalSection
	GlobalSection(SolutionProperties) = preSolution
		HideSolutionNode = FALSE
	EndGlobalSection
	GlobalSection(ExtensibilityGlobals) = postSolution
		SolutionGuid = {F7146A71-2FBC-430D-A782-E8370A178B7C}
	EndGlobalSection
EndGlobal
